// !$*UTF8*$!
{
	archiveVersion = 1;
	classes = {
	};
	objectVersion = 50;
	objects = {

/* Begin PBXBuildFile section */
		3445DF76247B555F0005ABEB /* AppDelegate.swift in Sources */ = {isa = PBXBuildFile; fileRef = 3445DF75247B555F0005ABEB /* AppDelegate.swift */; };
		3445DF78247B555F0005ABEB /* SceneDelegate.swift in Sources */ = {isa = PBXBuildFile; fileRef = 3445DF77247B555F0005ABEB /* SceneDelegate.swift */; };
		3445DF7A247B555F0005ABEB /* ViewController.swift in Sources */ = {isa = PBXBuildFile; fileRef = 3445DF79247B555F0005ABEB /* ViewController.swift */; };
		3445DF7D247B555F0005ABEB /* Main.storyboard in Resources */ = {isa = PBXBuildFile; fileRef = 3445DF7B247B555F0005ABEB /* Main.storyboard */; };
		3445DF7F247B55620005ABEB /* Assets.xcassets in Resources */ = {isa = PBXBuildFile; fileRef = 3445DF7E247B55620005ABEB /* Assets.xcassets */; };
		3445DF82247B55620005ABEB /* LaunchScreen.storyboard in Resources */ = {isa = PBXBuildFile; fileRef = 3445DF80247B55620005ABEB /* LaunchScreen.storyboard */; };
		3445DF8D247B55630005ABEB /* anythingTests.swift in Sources */ = {isa = PBXBuildFile; fileRef = 3445DF8C247B55630005ABEB /* anythingTests.swift */; };
		3445DF98247B55630005ABEB /* anythingUITests.swift in Sources */ = {isa = PBXBuildFile; fileRef = 3445DF97247B55630005ABEB /* anythingUITests.swift */; };
		3445DFB6247B558E0005ABEB /* bg_blue@2x.png in Resources */ = {isa = PBXBuildFile; fileRef = 3445DFA7247B558E0005ABEB /* bg_blue@2x.png */; };
		3445DFB7247B558E0005ABEB /* bg_gold@2x.png in Resources */ = {isa = PBXBuildFile; fileRef = 3445DFA8247B558E0005ABEB /* bg_gold@2x.png */; };
		3445DFB8247B558E0005ABEB /* gacha@2x.png in Resources */ = {isa = PBXBuildFile; fileRef = 3445DFA9247B558E0005ABEB /* gacha@2x.png */; };
		3445DFB9247B558E0005ABEB /* bg_red@2x.png in Resources */ = {isa = PBXBuildFile; fileRef = 3445DFAA247B558E0005ABEB /* bg_red@2x.png */; };
		3445DFBA247B558E0005ABEB /* dice005.jpg in Resources */ = {isa = PBXBuildFile; fileRef = 3445DFAC247B558E0005ABEB /* dice005.jpg */; };
		3445DFBB247B558E0005ABEB /* dice004.jpg in Resources */ = {isa = PBXBuildFile; fileRef = 3445DFAD247B558E0005ABEB /* dice004.jpg */; };
		3445DFBC247B558E0005ABEB /* dice010.jpg in Resources */ = {isa = PBXBuildFile; fileRef = 3445DFAE247B558E0005ABEB /* dice010.jpg */; };
		3445DFBD247B558E0005ABEB /* dice006.jpg in Resources */ = {isa = PBXBuildFile; fileRef = 3445DFAF247B558E0005ABEB /* dice006.jpg */; };
		3445DFBE247B558E0005ABEB /* dice003.jpg in Resources */ = {isa = PBXBuildFile; fileRef = 3445DFB0247B558E0005ABEB /* dice003.jpg */; };
		3445DFBF247B558E0005ABEB /* dice002.jpg in Resources */ = {isa = PBXBuildFile; fileRef = 3445DFB1247B558E0005ABEB /* dice002.jpg */; };
		3445DFC0247B558E0005ABEB /* dice001.jpg in Resources */ = {isa = PBXBuildFile; fileRef = 3445DFB2247B558E0005ABEB /* dice001.jpg */; };
		3445DFC1247B558E0005ABEB /* dice007.jpg in Resources */ = {isa = PBXBuildFile; fileRef = 3445DFB3247B558E0005ABEB /* dice007.jpg */; };
		3445DFC2247B558E0005ABEB /* dice009.jpg in Resources */ = {isa = PBXBuildFile; fileRef = 3445DFB4247B558E0005ABEB /* dice009.jpg */; };
		3445DFC3247B558E0005ABEB /* dice008.jpg in Resources */ = {isa = PBXBuildFile; fileRef = 3445DFB5247B558E0005ABEB /* dice008.jpg */; };
		3445DFC5247B57710005ABEB /* ResultViewController.swift in Sources */ = {isa = PBXBuildFile; fileRef = 3445DFC4247B57710005ABEB /* ResultViewController.swift */; };
		3445DFCA247B5E3B0005ABEB /* word_blank.png in Resources */ = {isa = PBXBuildFile; fileRef = 3445DFC7247B5E3B0005ABEB /* word_blank.png */; };
		3445DFCB247B5E3B0005ABEB /* fin.png in Resources */ = {isa = PBXBuildFile; fileRef = 3445DFC8247B5E3B0005ABEB /* fin.png */; };
		3445DFCC247B5E3B0005ABEB /* title_logo.png in Resources */ = {isa = PBXBuildFile; fileRef = 3445DFC9247B5E3B0005ABEB /* title_logo.png */; };
		3445DFCE247B62610005ABEB /* AddViewController.swift in Sources */ = {isa = PBXBuildFile; fileRef = 3445DFCD247B62610005ABEB /* AddViewController.swift */; };
		3445DFD0247B62860005ABEB /* ListTableViewController.swift in Sources */ = {isa = PBXBuildFile; fileRef = 3445DFCF247B62860005ABEB /* ListTableViewController.swift */; };
		34AA98B42481E6D100F91625 /* dice.jpeg in Resources */ = {isa = PBXBuildFile; fileRef = 34AA98B32481E6D100F91625 /* dice.jpeg */; };
		34AA98B62481F8B700F91625 /* ListTableViewCell.swift in Sources */ = {isa = PBXBuildFile; fileRef = 34AA98B52481F8B700F91625 /* ListTableViewCell.swift */; };
		34AA98B824820A7E00F91625 /* setTableViewCell.swift in Sources */ = {isa = PBXBuildFile; fileRef = 34AA98B724820A7E00F91625 /* setTableViewCell.swift */; };
		34AA98BA2489E9EE00F91625 /* E637FC4E-C0D0-4F9B-A94A-C710E727780E.JPG in Resources */ = {isa = PBXBuildFile; fileRef = 34AA98B92489E9EE00F91625 /* E637FC4E-C0D0-4F9B-A94A-C710E727780E.JPG */; };
		34AA98BC2489EA0400F91625 /* 7E4C3469-5B92-4C07-A93D-3EA9FFA09484.JPG in Resources */ = {isa = PBXBuildFile; fileRef = 34AA98BB2489EA0400F91625 /* 7E4C3469-5B92-4C07-A93D-3EA9FFA09484.JPG */; };
		34AA98BE2489EC8D00F91625 /* bg_star.PNG in Resources */ = {isa = PBXBuildFile; fileRef = 34AA98BD2489EC8D00F91625 /* bg_star.PNG */; };
		34AA98C02489EF7100F91625 /* bg_star1.PNG in Resources */ = {isa = PBXBuildFile; fileRef = 34AA98BF2489EF7100F91625 /* bg_star1.PNG */; };
/* End PBXBuildFile section */

/* Begin PBXContainerItemProxy section */
		3445DF89247B55630005ABEB /* PBXContainerItemProxy */ = {
			isa = PBXContainerItemProxy;
			containerPortal = 3445DF6A247B555F0005ABEB /* Project object */;
			proxyType = 1;
			remoteGlobalIDString = 3445DF71247B555F0005ABEB;
			remoteInfo = anything;
		};
		3445DF94247B55630005ABEB /* PBXContainerItemProxy */ = {
			isa = PBXContainerItemProxy;
			containerPortal = 3445DF6A247B555F0005ABEB /* Project object */;
			proxyType = 1;
			remoteGlobalIDString = 3445DF71247B555F0005ABEB;
			remoteInfo = anything;
		};
/* End PBXContainerItemProxy section */

/* Begin PBXFileReference section */
		3445DF72247B555F0005ABEB /* anything.app */ = {isa = PBXFileReference; explicitFileType = wrapper.application; includeInIndex = 0; path = anything.app; sourceTree = BUILT_PRODUCTS_DIR; };
		3445DF75247B555F0005ABEB /* AppDelegate.swift */ = {isa = PBXFileReference; lastKnownFileType = sourcecode.swift; path = AppDelegate.swift; sourceTree = "<group>"; };
		3445DF77247B555F0005ABEB /* SceneDelegate.swift */ = {isa = PBXFileReference; lastKnownFileType = sourcecode.swift; path = SceneDelegate.swift; sourceTree = "<group>"; };
		3445DF79247B555F0005ABEB /* ViewController.swift */ = {isa = PBXFileReference; lastKnownFileType = sourcecode.swift; path = ViewController.swift; sourceTree = "<group>"; };
		3445DF7C247B555F0005ABEB /* Base */ = {isa = PBXFileReference; lastKnownFileType = file.storyboard; name = Base; path = Base.lproj/Main.storyboard; sourceTree = "<group>"; };
		3445DF7E247B55620005ABEB /* Assets.xcassets */ = {isa = PBXFileReference; lastKnownFileType = folder.assetcatalog; path = Assets.xcassets; sourceTree = "<group>"; };
		3445DF81247B55620005ABEB /* Base */ = {isa = PBXFileReference; lastKnownFileType = file.storyboard; name = Base; path = Base.lproj/LaunchScreen.storyboard; sourceTree = "<group>"; };
		3445DF83247B55620005ABEB /* Info.plist */ = {isa = PBXFileReference; lastKnownFileType = text.plist.xml; path = Info.plist; sourceTree = "<group>"; };
		3445DF88247B55630005ABEB /* anythingTests.xctest */ = {isa = PBXFileReference; explicitFileType = wrapper.cfbundle; includeInIndex = 0; path = anythingTests.xctest; sourceTree = BUILT_PRODUCTS_DIR; };
		3445DF8C247B55630005ABEB /* anythingTests.swift */ = {isa = PBXFileReference; lastKnownFileType = sourcecode.swift; path = anythingTests.swift; sourceTree = "<group>"; };
		3445DF8E247B55630005ABEB /* Info.plist */ = {isa = PBXFileReference; lastKnownFileType = text.plist.xml; path = Info.plist; sourceTree = "<group>"; };
		3445DF93247B55630005ABEB /* anythingUITests.xctest */ = {isa = PBXFileReference; explicitFileType = wrapper.cfbundle; includeInIndex = 0; path = anythingUITests.xctest; sourceTree = BUILT_PRODUCTS_DIR; };
		3445DF97247B55630005ABEB /* anythingUITests.swift */ = {isa = PBXFileReference; lastKnownFileType = sourcecode.swift; path = anythingUITests.swift; sourceTree = "<group>"; };
		3445DF99247B55630005ABEB /* Info.plist */ = {isa = PBXFileReference; lastKnownFileType = text.plist.xml; path = Info.plist; sourceTree = "<group>"; };
		3445DFA7247B558E0005ABEB /* bg_blue@2x.png */ = {isa = PBXFileReference; lastKnownFileType = image.png; path = "bg_blue@2x.png"; sourceTree = "<group>"; };
		3445DFA8247B558E0005ABEB /* bg_gold@2x.png */ = {isa = PBXFileReference; lastKnownFileType = image.png; path = "bg_gold@2x.png"; sourceTree = "<group>"; };
		3445DFA9247B558E0005ABEB /* gacha@2x.png */ = {isa = PBXFileReference; lastKnownFileType = image.png; path = "gacha@2x.png"; sourceTree = "<group>"; };
		3445DFAA247B558E0005ABEB /* bg_red@2x.png */ = {isa = PBXFileReference; lastKnownFileType = image.png; path = "bg_red@2x.png"; sourceTree = "<group>"; };
		3445DFAC247B558E0005ABEB /* dice005.jpg */ = {isa = PBXFileReference; lastKnownFileType = image.jpeg; path = dice005.jpg; sourceTree = "<group>"; };
		3445DFAD247B558E0005ABEB /* dice004.jpg */ = {isa = PBXFileReference; lastKnownFileType = image.jpeg; path = dice004.jpg; sourceTree = "<group>"; };
		3445DFAE247B558E0005ABEB /* dice010.jpg */ = {isa = PBXFileReference; lastKnownFileType = image.jpeg; path = dice010.jpg; sourceTree = "<group>"; };
		3445DFAF247B558E0005ABEB /* dice006.jpg */ = {isa = PBXFileReference; lastKnownFileType = image.jpeg; path = dice006.jpg; sourceTree = "<group>"; };
		3445DFB0247B558E0005ABEB /* dice003.jpg */ = {isa = PBXFileReference; lastKnownFileType = image.jpeg; path = dice003.jpg; sourceTree = "<group>"; };
		3445DFB1247B558E0005ABEB /* dice002.jpg */ = {isa = PBXFileReference; lastKnownFileType = image.jpeg; path = dice002.jpg; sourceTree = "<group>"; };
		3445DFB2247B558E0005ABEB /* dice001.jpg */ = {isa = PBXFileReference; lastKnownFileType = image.jpeg; path = dice001.jpg; sourceTree = "<group>"; };
		3445DFB3247B558E0005ABEB /* dice007.jpg */ = {isa = PBXFileReference; lastKnownFileType = image.jpeg; path = dice007.jpg; sourceTree = "<group>"; };
		3445DFB4247B558E0005ABEB /* dice009.jpg */ = {isa = PBXFileReference; lastKnownFileType = image.jpeg; path = dice009.jpg; sourceTree = "<group>"; };
		3445DFB5247B558E0005ABEB /* dice008.jpg */ = {isa = PBXFileReference; lastKnownFileType = image.jpeg; path = dice008.jpg; sourceTree = "<group>"; };
		3445DFC4247B57710005ABEB /* ResultViewController.swift */ = {isa = PBXFileReference; lastKnownFileType = sourcecode.swift; path = ResultViewController.swift; sourceTree = "<group>"; };
		3445DFC7247B5E3B0005ABEB /* word_blank.png */ = {isa = PBXFileReference; lastKnownFileType = image.png; path = word_blank.png; sourceTree = "<group>"; };
		3445DFC8247B5E3B0005ABEB /* fin.png */ = {isa = PBXFileReference; lastKnownFileType = image.png; path = fin.png; sourceTree = "<group>"; };
		3445DFC9247B5E3B0005ABEB /* title_logo.png */ = {isa = PBXFileReference; lastKnownFileType = image.png; path = title_logo.png; sourceTree = "<group>"; };
		3445DFCD247B62610005ABEB /* AddViewController.swift */ = {isa = PBXFileReference; lastKnownFileType = sourcecode.swift; path = AddViewController.swift; sourceTree = "<group>"; };
		3445DFCF247B62860005ABEB /* ListTableViewController.swift */ = {isa = PBXFileReference; lastKnownFileType = sourcecode.swift; path = ListTableViewController.swift; sourceTree = "<group>"; };
		34AA98B32481E6D100F91625 /* dice.jpeg */ = {isa = PBXFileReference; lastKnownFileType = image.jpeg; path = dice.jpeg; sourceTree = "<group>"; };
		34AA98B52481F8B700F91625 /* ListTableViewCell.swift */ = {isa = PBXFileReference; lastKnownFileType = sourcecode.swift; path = ListTableViewCell.swift; sourceTree = "<group>"; };
		34AA98B724820A7E00F91625 /* setTableViewCell.swift */ = {isa = PBXFileReference; lastKnownFileType = sourcecode.swift; path = setTableViewCell.swift; sourceTree = "<group>"; };
		34AA98B92489E9EE00F91625 /* E637FC4E-C0D0-4F9B-A94A-C710E727780E.JPG */ = {isa = PBXFileReference; lastKnownFileType = image.jpeg; path = "E637FC4E-C0D0-4F9B-A94A-C710E727780E.JPG"; sourceTree = "<group>"; };
		34AA98BB2489EA0400F91625 /* 7E4C3469-5B92-4C07-A93D-3EA9FFA09484.JPG */ = {isa = PBXFileReference; lastKnownFileType = image.jpeg; path = "7E4C3469-5B92-4C07-A93D-3EA9FFA09484.JPG"; sourceTree = "<group>"; };
		34AA98BD2489EC8D00F91625 /* bg_star.PNG */ = {isa = PBXFileReference; lastKnownFileType = image.png; path = bg_star.PNG; sourceTree = "<group>"; };
		34AA98BF2489EF7100F91625 /* bg_star1.PNG */ = {isa = PBXFileReference; lastKnownFileType = image.png; path = bg_star1.PNG; sourceTree = "<group>"; };
/* End PBXFileReference section */

/* Begin PBXFrameworksBuildPhase section */
		3445DF6F247B555F0005ABEB /* Frameworks */ = {
			isa = PBXFrameworksBuildPhase;
			buildActionMask = 2147483647;
			files = (
			);
			runOnlyForDeploymentPostprocessing = 0;
		};
		3445DF85247B55630005ABEB /* Frameworks */ = {
			isa = PBXFrameworksBuildPhase;
			buildActionMask = 2147483647;
			files = (
			);
			runOnlyForDeploymentPostprocessing = 0;
		};
		3445DF90247B55630005ABEB /* Frameworks */ = {
			isa = PBXFrameworksBuildPhase;
			buildActionMask = 2147483647;
			files = (
			);
			runOnlyForDeploymentPostprocessing = 0;
		};
/* End PBXFrameworksBuildPhase section */

/* Begin PBXGroup section */
		3445DF69247B555F0005ABEB = {
			isa = PBXGroup;
			children = (
				3445DF74247B555F0005ABEB /* anything */,
				3445DF8B247B55630005ABEB /* anythingTests */,
				3445DF96247B55630005ABEB /* anythingUITests */,
				3445DF73247B555F0005ABEB /* Products */,
			);
			sourceTree = "<group>";
		};
		3445DF73247B555F0005ABEB /* Products */ = {
			isa = PBXGroup;
			children = (
				3445DF72247B555F0005ABEB /* anything.app */,
				3445DF88247B55630005ABEB /* anythingTests.xctest */,
				3445DF93247B55630005ABEB /* anythingUITests.xctest */,
			);
			name = Products;
			sourceTree = "<group>";
		};
		3445DF74247B555F0005ABEB /* anything */ = {
			isa = PBXGroup;
			children = (
				3445DFA5247B558E0005ABEB /* mult */,
				3445DF75247B555F0005ABEB /* AppDelegate.swift */,
				3445DF77247B555F0005ABEB /* SceneDelegate.swift */,
				34AA98B52481F8B700F91625 /* ListTableViewCell.swift */,
				3445DFCF247B62860005ABEB /* ListTableViewController.swift */,
				34AA98B724820A7E00F91625 /* setTableViewCell.swift */,
				3445DFCD247B62610005ABEB /* AddViewController.swift */,
				3445DF79247B555F0005ABEB /* ViewController.swift */,
				3445DF7B247B555F0005ABEB /* Main.storyboard */,
				3445DFC4247B57710005ABEB /* ResultViewController.swift */,
				3445DF7E247B55620005ABEB /* Assets.xcassets */,
				3445DF80247B55620005ABEB /* LaunchScreen.storyboard */,
				3445DF83247B55620005ABEB /* Info.plist */,
			);
			path = anything;
			sourceTree = "<group>";
		};
		3445DF8B247B55630005ABEB /* anythingTests */ = {
			isa = PBXGroup;
			children = (
				3445DF8C247B55630005ABEB /* anythingTests.swift */,
				3445DF8E247B55630005ABEB /* Info.plist */,
			);
			path = anythingTests;
			sourceTree = "<group>";
		};
		3445DF96247B55630005ABEB /* anythingUITests */ = {
			isa = PBXGroup;
			children = (
				3445DF97247B55630005ABEB /* anythingUITests.swift */,
				3445DF99247B55630005ABEB /* Info.plist */,
			);
			path = anythingUITests;
			sourceTree = "<group>";
		};
		3445DFA5247B558E0005ABEB /* mult */ = {
			isa = PBXGroup;
			children = (
				3445DFC6247B5E3B0005ABEB /* anything */,
				3445DFA6247B558E0005ABEB /* background */,
				3445DFAB247B558E0005ABEB /* monster */,
			);
			path = mult;
			sourceTree = "<group>";
		};
		3445DFA6247B558E0005ABEB /* background */ = {
			isa = PBXGroup;
			children = (
				34AA98BD2489EC8D00F91625 /* bg_star.PNG */,
				34AA98BF2489EF7100F91625 /* bg_star1.PNG */,
				3445DFA7247B558E0005ABEB /* bg_blue@2x.png */,
				3445DFA8247B558E0005ABEB /* bg_gold@2x.png */,
				3445DFA9247B558E0005ABEB /* gacha@2x.png */,
				3445DFAA247B558E0005ABEB /* bg_red@2x.png */,
			);
			path = background;
			sourceTree = "<group>";
		};
		3445DFAB247B558E0005ABEB /* monster */ = {
			isa = PBXGroup;
			children = (
				34AA98B32481E6D100F91625 /* dice.jpeg */,
				3445DFAC247B558E0005ABEB /* dice005.jpg */,
				3445DFAD247B558E0005ABEB /* dice004.jpg */,
				3445DFAE247B558E0005ABEB /* dice010.jpg */,
				3445DFAF247B558E0005ABEB /* dice006.jpg */,
				3445DFB0247B558E0005ABEB /* dice003.jpg */,
				3445DFB1247B558E0005ABEB /* dice002.jpg */,
				3445DFB2247B558E0005ABEB /* dice001.jpg */,
				3445DFB3247B558E0005ABEB /* dice007.jpg */,
				3445DFB4247B558E0005ABEB /* dice009.jpg */,
				3445DFB5247B558E0005ABEB /* dice008.jpg */,
			);
			path = monster;
			sourceTree = "<group>";
		};
		3445DFC6247B5E3B0005ABEB /* anything */ = {
			isa = PBXGroup;
			children = (
				34AA98BB2489EA0400F91625 /* 7E4C3469-5B92-4C07-A93D-3EA9FFA09484.JPG */,
				34AA98B92489E9EE00F91625 /* E637FC4E-C0D0-4F9B-A94A-C710E727780E.JPG */,
				3445DFC7247B5E3B0005ABEB /* word_blank.png */,
				3445DFC8247B5E3B0005ABEB /* fin.png */,
				3445DFC9247B5E3B0005ABEB /* title_logo.png */,
			);
			path = anything;
			sourceTree = "<group>";
		};
/* End PBXGroup section */

/* Begin PBXNativeTarget section */
		3445DF71247B555F0005ABEB /* anything */ = {
			isa = PBXNativeTarget;
			buildConfigurationList = 3445DF9C247B55630005ABEB /* Build configuration list for PBXNativeTarget "anything" */;
			buildPhases = (
				3445DF6E247B555F0005ABEB /* Sources */,
				3445DF6F247B555F0005ABEB /* Frameworks */,
				3445DF70247B555F0005ABEB /* Resources */,
			);
			buildRules = (
			);
			dependencies = (
			);
			name = anything;
			productName = anything;
			productReference = 3445DF72247B555F0005ABEB /* anything.app */;
			productType = "com.apple.product-type.application";
		};
		3445DF87247B55630005ABEB /* anythingTests */ = {
			isa = PBXNativeTarget;
			buildConfigurationList = 3445DF9F247B55630005ABEB /* Build configuration list for PBXNativeTarget "anythingTests" */;
			buildPhases = (
				3445DF84247B55630005ABEB /* Sources */,
				3445DF85247B55630005ABEB /* Frameworks */,
				3445DF86247B55630005ABEB /* Resources */,
			);
			buildRules = (
			);
			dependencies = (
				3445DF8A247B55630005ABEB /* PBXTargetDependency */,
			);
			name = anythingTests;
			productName = anythingTests;
			productReference = 3445DF88247B55630005ABEB /* anythingTests.xctest */;
			productType = "com.apple.product-type.bundle.unit-test";
		};
		3445DF92247B55630005ABEB /* anythingUITests */ = {
			isa = PBXNativeTarget;
			buildConfigurationList = 3445DFA2247B55630005ABEB /* Build configuration list for PBXNativeTarget "anythingUITests" */;
			buildPhases = (
				3445DF8F247B55630005ABEB /* Sources */,
				3445DF90247B55630005ABEB /* Frameworks */,
				3445DF91247B55630005ABEB /* Resources */,
			);
			buildRules = (
			);
			dependencies = (
				3445DF95247B55630005ABEB /* PBXTargetDependency */,
			);
			name = anythingUITests;
			productName = anythingUITests;
			productReference = 3445DF93247B55630005ABEB /* anythingUITests.xctest */;
			productType = "com.apple.product-type.bundle.ui-testing";
		};
/* End PBXNativeTarget section */

/* Begin PBXProject section */
		3445DF6A247B555F0005ABEB /* Project object */ = {
			isa = PBXProject;
			attributes = {
				LastSwiftUpdateCheck = 1140;
				LastUpgradeCheck = 1140;
				ORGANIZATIONNAME = "fujiwara lupinus";
				TargetAttributes = {
					3445DF71247B555F0005ABEB = {
						CreatedOnToolsVersion = 11.4.1;
					};
					3445DF87247B55630005ABEB = {
						CreatedOnToolsVersion = 11.4.1;
						TestTargetID = 3445DF71247B555F0005ABEB;
					};
					3445DF92247B55630005ABEB = {
						CreatedOnToolsVersion = 11.4.1;
						TestTargetID = 3445DF71247B555F0005ABEB;
					};
				};
			};
			buildConfigurationList = 3445DF6D247B555F0005ABEB /* Build configuration list for PBXProject "anything" */;
			compatibilityVersion = "Xcode 9.3";
			developmentRegion = en;
			hasScannedForEncodings = 0;
			knownRegions = (
				en,
				Base,
			);
			mainGroup = 3445DF69247B555F0005ABEB;
			productRefGroup = 3445DF73247B555F0005ABEB /* Products */;
			projectDirPath = "";
			projectRoot = "";
			targets = (
				3445DF71247B555F0005ABEB /* anything */,
				3445DF87247B55630005ABEB /* anythingTests */,
				3445DF92247B55630005ABEB /* anythingUITests */,
			);
		};
/* End PBXProject section */

/* Begin PBXResourcesBuildPhase section */
		3445DF70247B555F0005ABEB /* Resources */ = {
			isa = PBXResourcesBuildPhase;
			buildActionMask = 2147483647;
			files = (
				3445DFBF247B558E0005ABEB /* dice002.jpg in Resources */,
				3445DFB9247B558E0005ABEB /* bg_red@2x.png in Resources */,
				3445DF82247B55620005ABEB /* LaunchScreen.storyboard in Resources */,
				3445DFCB247B5E3B0005ABEB /* fin.png in Resources */,
				34AA98C02489EF7100F91625 /* bg_star1.PNG in Resources */,
				3445DFBA247B558E0005ABEB /* dice005.jpg in Resources */,
				3445DFC0247B558E0005ABEB /* dice001.jpg in Resources */,
				3445DFB7247B558E0005ABEB /* bg_gold@2x.png in Resources */,
				34AA98BA2489E9EE00F91625 /* E637FC4E-C0D0-4F9B-A94A-C710E727780E.JPG in Resources */,
				3445DFBE247B558E0005ABEB /* dice003.jpg in Resources */,
				3445DFBC247B558E0005ABEB /* dice010.jpg in Resources */,
				3445DF7F247B55620005ABEB /* Assets.xcassets in Resources */,
				34AA98B42481E6D100F91625 /* dice.jpeg in Resources */,
				3445DFB8247B558E0005ABEB /* gacha@2x.png in Resources */,
				3445DFBD247B558E0005ABEB /* dice006.jpg in Resources */,
				3445DFBB247B558E0005ABEB /* dice004.jpg in Resources */,
				3445DF7D247B555F0005ABEB /* Main.storyboard in Resources */,
				34AA98BE2489EC8D00F91625 /* bg_star.PNG in Resources */,
				3445DFC1247B558E0005ABEB /* dice007.jpg in Resources */,
				3445DFCC247B5E3B0005ABEB /* title_logo.png in Resources */,
				3445DFCA247B5E3B0005ABEB /* word_blank.png in Resources */,
				3445DFC2247B558E0005ABEB /* dice009.jpg in Resources */,
				3445DFC3247B558E0005ABEB /* dice008.jpg in Resources */,
				3445DFB6247B558E0005ABEB /* bg_blue@2x.png in Resources */,
				34AA98BC2489EA0400F91625 /* 7E4C3469-5B92-4C07-A93D-3EA9FFA09484.JPG in Resources */,
			);
			runOnlyForDeploymentPostprocessing = 0;
		};
		3445DF86247B55630005ABEB /* Resources */ = {
			isa = PBXResourcesBuildPhase;
			buildActionMask = 2147483647;
			files = (
			);
			runOnlyForDeploymentPostprocessing = 0;
		};
		3445DF91247B55630005ABEB /* Resources */ = {
			isa = PBXResourcesBuildPhase;
			buildActionMask = 2147483647;
			files = (
			);
			runOnlyForDeploymentPostprocessing = 0;
		};
/* End PBXResourcesBuildPhase section */

/* Begin PBXSourcesBuildPhase section */
		3445DF6E247B555F0005ABEB /* Sources */ = {
			isa = PBXSourcesBuildPhase;
			buildActionMask = 2147483647;
			files = (
				34AA98B824820A7E00F91625 /* setTableViewCell.swift in Sources */,
				34AA98B62481F8B700F91625 /* ListTableViewCell.swift in Sources */,
				3445DFCE247B62610005ABEB /* AddViewController.swift in Sources */,
				3445DF7A247B555F0005ABEB /* ViewController.swift in Sources */,
				3445DF76247B555F0005ABEB /* AppDelegate.swift in Sources */,
				3445DFD0247B62860005ABEB /* ListTableViewController.swift in Sources */,
				3445DF78247B555F0005ABEB /* SceneDelegate.swift in Sources */,
				3445DFC5247B57710005ABEB /* ResultViewController.swift in Sources */,
			);
			runOnlyForDeploymentPostprocessing = 0;
		};
		3445DF84247B55630005ABEB /* Sources */ = {
			isa = PBXSourcesBuildPhase;
			buildActionMask = 2147483647;
			files = (
				3445DF8D247B55630005ABEB /* anythingTests.swift in Sources */,
			);
			runOnlyForDeploymentPostprocessing = 0;
		};
		3445DF8F247B55630005ABEB /* Sources */ = {
			isa = PBXSourcesBuildPhase;
			buildActionMask = 2147483647;
			files = (
				3445DF98247B55630005ABEB /* anythingUITests.swift in Sources */,
			);
			runOnlyForDeploymentPostprocessing = 0;
		};
/* End PBXSourcesBuildPhase section */

/* Begin PBXTargetDependency section */
		3445DF8A247B55630005ABEB /* PBXTargetDependency */ = {
			isa = PBXTargetDependency;
			target = 3445DF71247B555F0005ABEB /* anything */;
			targetProxy = 3445DF89247B55630005ABEB /* PBXContainerItemProxy */;
		};
		3445DF95247B55630005ABEB /* PBXTargetDependency */ = {
			isa = PBXTargetDependency;
			target = 3445DF71247B555F0005ABEB /* anything */;
			targetProxy = 3445DF94247B55630005ABEB /* PBXContainerItemProxy */;
		};
/* End PBXTargetDependency section */

/* Begin PBXVariantGroup section */
		3445DF7B247B555F0005ABEB /* Main.storyboard */ = {
			isa = PBXVariantGroup;
			children = (
				3445DF7C247B555F0005ABEB /* Base */,
			);
			name = Main.storyboard;
			sourceTree = "<group>";
		};
		3445DF80247B55620005ABEB /* LaunchScreen.storyboard */ = {
			isa = PBXVariantGroup;
			children = (
				3445DF81247B55620005ABEB /* Base */,
			);
			name = LaunchScreen.storyboard;
			sourceTree = "<group>";
		};
/* End PBXVariantGroup section */

/* Begin XCBuildConfiguration section */
		3445DF9A247B55630005ABEB /* Debug */ = {
			isa = XCBuildConfiguration;
			buildSettings = {
				ALWAYS_SEARCH_USER_PATHS = NO;
				CLANG_ANALYZER_NONNULL = YES;
				CLANG_ANALYZER_NUMBER_OBJECT_CONVERSION = YES_AGGRESSIVE;
				CLANG_CXX_LANGUAGE_STANDARD = "gnu++14";
				CLANG_CXX_LIBRARY = "libc++";
				CLANG_ENABLE_MODULES = YES;
				CLANG_ENABLE_OBJC_ARC = YES;
				CLANG_ENABLE_OBJC_WEAK = YES;
				CLANG_WARN_BLOCK_CAPTURE_AUTORELEASING = YES;
				CLANG_WARN_BOOL_CONVERSION = YES;
				CLANG_WARN_COMMA = YES;
				CLANG_WARN_CONSTANT_CONVERSION = YES;
				CLANG_WARN_DEPRECATED_OBJC_IMPLEMENTATIONS = YES;
				CLANG_WARN_DIRECT_OBJC_ISA_USAGE = YES_ERROR;
				CLANG_WARN_DOCUMENTATION_COMMENTS = YES;
				CLANG_WARN_EMPTY_BODY = YES;
				CLANG_WARN_ENUM_CONVERSION = YES;
				CLANG_WARN_INFINITE_RECURSION = YES;
				CLANG_WARN_INT_CONVERSION = YES;
				CLANG_WARN_NON_LITERAL_NULL_CONVERSION = YES;
				CLANG_WARN_OBJC_IMPLICIT_RETAIN_SELF = YES;
				CLANG_WARN_OBJC_LITERAL_CONVERSION = YES;
				CLANG_WARN_OBJC_ROOT_CLASS = YES_ERROR;
				CLANG_WARN_RANGE_LOOP_ANALYSIS = YES;
				CLANG_WARN_STRICT_PROTOTYPES = YES;
				CLANG_WARN_SUSPICIOUS_MOVE = YES;
				CLANG_WARN_UNGUARDED_AVAILABILITY = YES_AGGRESSIVE;
				CLANG_WARN_UNREACHABLE_CODE = YES;
				CLANG_WARN__DUPLICATE_METHOD_MATCH = YES;
				COPY_PHASE_STRIP = NO;
				DEBUG_INFORMATION_FORMAT = dwarf;
				ENABLE_STRICT_OBJC_MSGSEND = YES;
				ENABLE_TESTABILITY = YES;
				GCC_C_LANGUAGE_STANDARD = gnu11;
				GCC_DYNAMIC_NO_PIC = NO;
				GCC_NO_COMMON_BLOCKS = YES;
				GCC_OPTIMIZATION_LEVEL = 0;
				GCC_PREPROCESSOR_DEFINITIONS = (
					"DEBUG=1",
					"$(inherited)",
				);
				GCC_WARN_64_TO_32_BIT_CONVERSION = YES;
				GCC_WARN_ABOUT_RETURN_TYPE = YES_ERROR;
				GCC_WARN_UNDECLARED_SELECTOR = YES;
				GCC_WARN_UNINITIALIZED_AUTOS = YES_AGGRESSIVE;
				GCC_WARN_UNUSED_FUNCTION = YES;
				GCC_WARN_UNUSED_VARIABLE = YES;
				IPHONEOS_DEPLOYMENT_TARGET = 13.4;
				MTL_ENABLE_DEBUG_INFO = INCLUDE_SOURCE;
				MTL_FAST_MATH = YES;
				ONLY_ACTIVE_ARCH = YES;
				SDKROOT = iphoneos;
				SWIFT_ACTIVE_COMPILATION_CONDITIONS = DEBUG;
				SWIFT_OPTIMIZATION_LEVEL = "-Onone";
			};
			name = Debug;
		};
		3445DF9B247B55630005ABEB /* Release */ = {
			isa = XCBuildConfiguration;
			buildSettings = {
				ALWAYS_SEARCH_USER_PATHS = NO;
				CLANG_ANALYZER_NONNULL = YES;
				CLANG_ANALYZER_NUMBER_OBJECT_CONVERSION = YES_AGGRESSIVE;
				CLANG_CXX_LANGUAGE_STANDARD = "gnu++14";
				CLANG_CXX_LIBRARY = "libc++";
				CLANG_ENABLE_MODULES = YES;
				CLANG_ENABLE_OBJC_ARC = YES;
				CLANG_ENABLE_OBJC_WEAK = YES;
				CLANG_WARN_BLOCK_CAPTURE_AUTORELEASING = YES;
				CLANG_WARN_BOOL_CONVERSION = YES;
				CLANG_WARN_COMMA = YES;
				CLANG_WARN_CONSTANT_CONVERSION = YES;
				CLANG_WARN_DEPRECATED_OBJC_IMPLEMENTATIONS = YES;
				CLANG_WARN_DIRECT_OBJC_ISA_USAGE = YES_ERROR;
				CLANG_WARN_DOCUMENTATION_COMMENTS = YES;
				CLANG_WARN_EMPTY_BODY = YES;
				CLANG_WARN_ENUM_CONVERSION = YES;
				CLANG_WARN_INFINITE_RECURSION = YES;
				CLANG_WARN_INT_CONVERSION = YES;
				CLANG_WARN_NON_LITERAL_NULL_CONVERSION = YES;
				CLANG_WARN_OBJC_IMPLICIT_RETAIN_SELF = YES;
				CLANG_WARN_OBJC_LITERAL_CONVERSION = YES;
				CLANG_WARN_OBJC_ROOT_CLASS = YES_ERROR;
				CLANG_WARN_RANGE_LOOP_ANALYSIS = YES;
				CLANG_WARN_STRICT_PROTOTYPES = YES;
				CLANG_WARN_SUSPICIOUS_MOVE = YES;
				CLANG_WARN_UNGUARDED_AVAILABILITY = YES_AGGRESSIVE;
				CLANG_WARN_UNREACHABLE_CODE = YES;
				CLANG_WARN__DUPLICATE_METHOD_MATCH = YES;
				COPY_PHASE_STRIP = NO;
				DEBUG_INFORMATION_FORMAT = "dwarf-with-dsym";
				ENABLE_NS_ASSERTIONS = NO;
				ENABLE_STRICT_OBJC_MSGSEND = YES;
				GCC_C_LANGUAGE_STANDARD = gnu11;
				GCC_NO_COMMON_BLOCKS = YES;
				GCC_WARN_64_TO_32_BIT_CONVERSION = YES;
				GCC_WARN_ABOUT_RETURN_TYPE = YES_ERROR;
				GCC_WARN_UNDECLARED_SELECTOR = YES;
				GCC_WARN_UNINITIALIZED_AUTOS = YES_AGGRESSIVE;
				GCC_WARN_UNUSED_FUNCTION = YES;
				GCC_WARN_UNUSED_VARIABLE = YES;
				IPHONEOS_DEPLOYMENT_TARGET = 13.4;
				MTL_ENABLE_DEBUG_INFO = NO;
				MTL_FAST_MATH = YES;
				SDKROOT = iphoneos;
				SWIFT_COMPILATION_MODE = wholemodule;
				SWIFT_OPTIMIZATION_LEVEL = "-O";
				VALIDATE_PRODUCT = YES;
			};
			name = Release;
		};
		3445DF9D247B55630005ABEB /* Debug */ = {
			isa = XCBuildConfiguration;
			buildSettings = {
				ASSETCATALOG_COMPILER_APPICON_NAME = AppIcon;
				CODE_SIGN_IDENTITY = "iPhone Distribution";
				CODE_SIGN_STYLE = Manual;
				CURRENT_PROJECT_VERSION = 1.1;
				DEVELOPMENT_TEAM = 2K446D59RQ;
				INFOPLIST_FILE = anything/Info.plist;
				LD_RUNPATH_SEARCH_PATHS = (
					"$(inherited)",
					"@executable_path/Frameworks",
				);
				MARKETING_VERSION = 1.0.0;
				PRODUCT_BUNDLE_IDENTIFIER = jp.co.lifeistech.Dice;
				PRODUCT_NAME = "$(TARGET_NAME)";
				PROVISIONING_PROFILE_SPECIFIER = "L12RukiFujiwara-Distribution";
				SWIFT_VERSION = 5.0;
				TARGETED_DEVICE_FAMILY = "1,2";
			};
			name = Debug;
		};
		3445DF9E247B55630005ABEB /* Release */ = {
			isa = XCBuildConfiguration;
			buildSettings = {
				ASSETCATALOG_COMPILER_APPICON_NAME = AppIcon;
				CODE_SIGN_IDENTITY = "iPhone Distribution";
				CODE_SIGN_STYLE = Manual;
				CURRENT_PROJECT_VERSION = 1.1;
				DEVELOPMENT_TEAM = 2K446D59RQ;
				INFOPLIST_FILE = anything/Info.plist;
				LD_RUNPATH_SEARCH_PATHS = (
					"$(inherited)",
					"@executable_path/Frameworks",
				);
				MARKETING_VERSION = 1.0.0;
				PRODUCT_BUNDLE_IDENTIFIER = jp.co.lifeistech.Dice;
				PRODUCT_NAME = "$(TARGET_NAME)";
				PROVISIONING_PROFILE_SPECIFIER = "L12RukiFujiwara-Distribution";
				SWIFT_VERSION = 5.0;
				TARGETED_DEVICE_FAMILY = "1,2";
			};
			name = Release;
		};
		3445DFA0247B55630005ABEB /* Debug */ = {
			isa = XCBuildConfiguration;
			buildSettings = {
				ALWAYS_EMBED_SWIFT_STANDARD_LIBRARIES = YES;
				BUNDLE_LOADER = "$(TEST_HOST)";
				CODE_SIGN_STYLE = Automatic;
				INFOPLIST_FILE = anythingTests/Info.plist;
				IPHONEOS_DEPLOYMENT_TARGET = 13.4;
				LD_RUNPATH_SEARCH_PATHS = (
					"$(inherited)",
					"@executable_path/Frameworks",
					"@loader_path/Frameworks",
				);
				PRODUCT_BUNDLE_IDENTIFIER = app.fujiwara.lupinus.anythingTests;
				PRODUCT_NAME = "$(TARGET_NAME)";
				SWIFT_VERSION = 5.0;
				TARGETED_DEVICE_FAMILY = "1,2";
				TEST_HOST = "$(BUILT_PRODUCTS_DIR)/anything.app/anything";
			};
			name = Debug;
		};
		3445DFA1247B55630005ABEB /* Release */ = {
			isa = XCBuildConfiguration;
			buildSettings = {
				ALWAYS_EMBED_SWIFT_STANDARD_LIBRARIES = YES;
				BUNDLE_LOADER = "$(TEST_HOST)";
				CODE_SIGN_STYLE = Automatic;
				INFOPLIST_FILE = anythingTests/Info.plist;
				IPHONEOS_DEPLOYMENT_TARGET = 13.4;
				LD_RUNPATH_SEARCH_PATHS = (
					"$(inherited)",
					"@executable_path/Frameworks",
					"@loader_path/Frameworks",
				);
				PRODUCT_BUNDLE_IDENTIFIER = app.fujiwara.lupinus.anythingTests;
				PRODUCT_NAME = "$(TARGET_NAME)";
				SWIFT_VERSION = 5.0;
				TARGETED_DEVICE_FAMILY = "1,2";
				TEST_HOST = "$(BUILT_PRODUCTS_DIR)/anything.app/anything";
			};
			name = Release;
		};
		3445DFA3247B55630005ABEB /* Debug */ = {
			isa = XCBuildConfiguration;
			buildSettings = {
				ALWAYS_EMBED_SWIFT_STANDARD_LIBRARIES = YES;
				CODE_SIGN_STYLE = Automatic;
				INFOPLIST_FILE = anythingUITests/Info.plist;
				LD_RUNPATH_SEARCH_PATHS = (
					"$(inherited)",
					"@executable_path/Frameworks",
					"@loader_path/Frameworks",
				);
				PRODUCT_BUNDLE_IDENTIFIER = app.fujiwara.lupinus.anythingUITests;
				PRODUCT_NAME = "$(TARGET_NAME)";
				SWIFT_VERSION = 5.0;
				TARGETED_DEVICE_FAMILY = "1,2";
				TEST_TARGET_NAME = anything;
			};
			name = Debug;
		};
		3445DFA4247B55630005ABEB /* Release */ = {
			isa = XCBuildConfiguration;
			buildSettings = {
				ALWAYS_EMBED_SWIFT_STANDARD_LIBRARIES = YES;
				CODE_SIGN_STYLE = Automatic;
				INFOPLIST_FILE = anythingUITests/Info.plist;
				LD_RUNPATH_SEARCH_PATHS = (
					"$(inherited)",
					"@executable_path/Frameworks",
					"@loader_path/Frameworks",
				);
				PRODUCT_BUNDLE_IDENTIFIER = app.fujiwara.lupinus.anythingUITests;
				PRODUCT_NAME = "$(TARGET_NAME)";
				SWIFT_VERSION = 5.0;
				TARGETED_DEVICE_FAMILY = "1,2";
				TEST_TARGET_NAME = anything;
			};
			name = Release;
		};
/* End XCBuildConfiguration section */

/* Begin XCConfigurationList section */
		3445DF6D247B555F0005ABEB /* Build configuration list for PBXProject "anything" */ = {
			isa = XCConfigurationList;
			buildConfigurations = (
				3445DF9A247B55630005ABEB /* Debug */,
				3445DF9B247B55630005ABEB /* Release */,
			);
			defaultConfigurationIsVisible = 0;
			defaultConfigurationName = Release;
		};
		3445DF9C247B55630005ABEB /* Build configuration list for PBXNativeTarget "anything" */ = {
			isa = XCConfigurationList;
			buildConfigurations = (
				3445DF9D247B55630005ABEB /* Debug */,
				3445DF9E247B55630005ABEB /* Release */,
			);
			defaultConfigurationIsVisible = 0;
			defaultConfigurationName = Release;
		};
		3445DF9F247B55630005ABEB /* Build configuration list for PBXNativeTarget "anythingTests" */ = {
			isa = XCConfigurationList;
			buildConfigurations = (
				3445DFA0247B55630005ABEB /* Debug */,
				3445DFA1247B55630005ABEB /* Release */,
			);
			defaultConfigurationIsVisible = 0;
			defaultConfigurationName = Release;
		};
		3445DFA2247B55630005ABEB /* Build configuration list for PBXNativeTarget "anythingUITests" */ = {
			isa = XCConfigurationList;
			buildConfigurations = (
				3445DFA3247B55630005ABEB /* Debug */,
				3445DFA4247B55630005ABEB /* Release */,
			);
			defaultConfigurationIsVisible = 0;
			defaultConfigurationName = Release;
		};
/* End XCConfigurationList section */
	};
	rootObject = 3445DF6A247B555F0005ABEB /* Project object */;
}
